
Microsoft Visual Studio Solution File, Format Version 12.00
# Visual Studio Version 17
VisualStudioVersion = 17.12.35728.132 d17.12
MinimumVisualStudioVersion = 10.0.40219.1
Project("{FAE04EC0-301F-11D3-BF4B-00C04F79EFBC}") = "coreapp", "coreapp\coreapp.csproj", "{1D4AA24A-94F9-438F-AB3E-CD1DF3280800}"
EndProject
Project("{FAE04EC0-301F-11D3-BF4B-00C04F79EFBC}") = "webjob", "webjob\webjob.csproj", "{A316CFAC-9D67-498E-B0C6-6E5AB519C5F6}"
EndProject
Global
	GlobalSection(SolutionConfigurationPlatforms) = preSolution
		Debug|Any CPU = Debug|Any CPU
		Release|Any CPU = Release|Any CPU
	EndGlobalSection
	GlobalSection(ProjectConfigurationPlatforms) = postSolution
		{1D4AA24A-94F9-438F-AB3E-CD1DF3280800}.Debug|Any CPU.ActiveCfg = Debug|Any CPU
		{1D4AA24A-94F9-438F-AB3E-CD1DF3280800}.Debug|Any CPU.Build.0 = Debug|Any CPU
		{1D4AA24A-94F9-438F-AB3E-CD1DF3280800}.Release|Any CPU.ActiveCfg = Release|Any CPU
		{1D4AA24A-94F9-438F-AB3E-CD1DF3280800}.Release|Any CPU.Build.0 = Release|Any CPU
		{A316CFAC-9D67-498E-B0C6-6E5AB519C5F6}.Debug|Any CPU.ActiveCfg = Debug|Any CPU
		{A316CFAC-9D67-498E-B0C6-6E5AB519C5F6}.Debug|Any CPU.Build.0 = Debug|Any CPU
		{A316CFAC-9D67-498E-B0C6-6E5AB519C5F6}.Release|Any CPU.ActiveCfg = Release|Any CPU
		{A316CFAC-9D67-498E-B0C6-6E5AB519C5F6}.Release|Any CPU.Build.0 = Release|Any CPU
	EndGlobalSection
	GlobalSection(SolutionProperties) = preSolution
		HideSolutionNode = FALSE
	EndGlobalSection
EndGlobal
